
Microsoft Visual Studio Solution File, Format Version 12.00
Project("{FAE04EC0-301F-11D3-BF4B-00C04F79EFBC}") = "LuminTask", "LuminTask\LuminTask.csproj", "{1FF8E6D8-6D77-4371-ADB4-89B4103A5F2E}"
EndProject
Project("{FAE04EC0-301F-11D3-BF4B-00C04F79EFBC}") = "LuminTaskUniTest", "LuminTaskUniTest\LuminTaskUniTest.csproj", "{535F46BB-DE07-4C27-AECC-E5A36DBB5AED}"
EndProject
Global
	GlobalSection(SolutionConfigurationPlatforms) = preSolution
		Debug|Any CPU = Debug|Any CPU
		Release|Any CPU = Release|Any CPU
	EndGlobalSection
	GlobalSection(ProjectConfigurationPlatforms) = postSolution
		{1FF8E6D8-6D77-4371-ADB4-89B4103A5F2E}.Debug|Any CPU.ActiveCfg = Debug|Any CPU
		{1FF8E6D8-6D77-4371-ADB4-89B4103A5F2E}.Debug|Any CPU.Build.0 = Debug|Any CPU
		{1FF8E6D8-6D77-4371-ADB4-89B4103A5F2E}.Release|Any CPU.ActiveCfg = Release|Any CPU
		{1FF8E6D8-6D77-4371-ADB4-89B4103A5F2E}.Release|Any CPU.Build.0 = Release|Any CPU
		{535F46BB-DE07-4C27-AECC-E5A36DBB5AED}.Debug|Any CPU.ActiveCfg = Debug|Any CPU
		{535F46BB-DE07-4C27-AECC-E5A36DBB5AED}.Debug|Any CPU.Build.0 = Debug|Any CPU
		{535F46BB-DE07-4C27-AECC-E5A36DBB5AED}.Release|Any CPU.ActiveCfg = Release|Any CPU
		{535F46BB-DE07-4C27-AECC-E5A36DBB5AED}.Release|Any CPU.Build.0 = Release|Any CPU
	EndGlobalSection
EndGlobal
